// !$*UTF8*$!
{
	archiveVersion = 1;
	classes = {
	};
	objectVersion = 46;
	objects = {

/* Begin PBXBuildFile section */
		7E012EAF1BF82FBC00F14209 /* TableViewHeaderCell.swift in Sources */ = {isa = PBXBuildFile; fileRef = 7E012EAE1BF82FBC00F14209 /* TableViewHeaderCell.swift */; };
		7E012EB11BF8331700F14209 /* WaterFont.swift in Sources */ = {isa = PBXBuildFile; fileRef = 7E012EB01BF8331700F14209 /* WaterFont.swift */; };
		7E012EB31BF83A9800F14209 /* TableViewDelegate.swift in Sources */ = {isa = PBXBuildFile; fileRef = 7E012EB21BF83A9800F14209 /* TableViewDelegate.swift */; };
		7E012EB61BF83C9C00F14209 /* SearchBarObject.swift in Sources */ = {isa = PBXBuildFile; fileRef = 7E012EB51BF83C9C00F14209 /* SearchBarObject.swift */; };
		7E012EB81BF83FD700F14209 /* data_zh.tsv in Resources */ = {isa = PBXBuildFile; fileRef = 7E012EB71BF83FD700F14209 /* data_zh.tsv */; };
		7E012EBA1BF8448E00F14209 /* DataSearch.swift in Sources */ = {isa = PBXBuildFile; fileRef = 7E012EB91BF8448E00F14209 /* DataSearch.swift */; };
		7E012EBC1BF844BC00F14209 /* DataSearch.swift in Sources */ = {isa = PBXBuildFile; fileRef = 7E012EBB1BF844BC00F14209 /* DataSearch.swift */; };
		7E012EBF1BF8458400F14209 /* WaterString.swift in Sources */ = {isa = PBXBuildFile; fileRef = 7E012EBE1BF8458400F14209 /* WaterString.swift */; };
		7E0B39091BF1473F00184C23 /* AppDelegate.swift in Sources */ = {isa = PBXBuildFile; fileRef = 7E0B39081BF1473F00184C23 /* AppDelegate.swift */; };
		7E0B390B1BF1473F00184C23 /* ViewController.swift in Sources */ = {isa = PBXBuildFile; fileRef = 7E0B390A1BF1473F00184C23 /* ViewController.swift */; };
		7E0B390E1BF1473F00184C23 /* Main.storyboard in Resources */ = {isa = PBXBuildFile; fileRef = 7E0B390C1BF1473F00184C23 /* Main.storyboard */; };
		7E0B39101BF1473F00184C23 /* Assets.xcassets in Resources */ = {isa = PBXBuildFile; fileRef = 7E0B390F1BF1473F00184C23 /* Assets.xcassets */; };
		7E0B39131BF1473F00184C23 /* LaunchScreen.storyboard in Resources */ = {isa = PBXBuildFile; fileRef = 7E0B39111BF1473F00184C23 /* LaunchScreen.storyboard */; };
		7E1EC9A11BF6A33E005F6E58 /* TableViewObject.swift in Sources */ = {isa = PBXBuildFile; fileRef = 7E1EC9A01BF6A33E005F6E58 /* TableViewObject.swift */; };
		7E1EC9A61BF6A365005F6E58 /* DataLanguageTests.swift in Sources */ = {isa = PBXBuildFile; fileRef = 7E1EC9A31BF6A365005F6E58 /* DataLanguageTests.swift */; };
		7E1EC9A71BF6A365005F6E58 /* DataParserTests.swift in Sources */ = {isa = PBXBuildFile; fileRef = 7E1EC9A41BF6A365005F6E58 /* DataParserTests.swift */; };
		7E1EC9A81BF6A365005F6E58 /* DataReaderTests.swift in Sources */ = {isa = PBXBuildFile; fileRef = 7E1EC9A51BF6A365005F6E58 /* DataReaderTests.swift */; };
		7E1EC9AB1BF6A415005F6E58 /* TableViewDataSourceTests.swift in Sources */ = {isa = PBXBuildFile; fileRef = 7E1EC9AA1BF6A415005F6E58 /* TableViewDataSourceTests.swift */; };
		7E1EC9AD1BF6A44C005F6E58 /* TableViewDataSource.swift in Sources */ = {isa = PBXBuildFile; fileRef = 7E1EC9AC1BF6A44C005F6E58 /* TableViewDataSource.swift */; };
		7E1EC9B21BF6A64D005F6E58 /* TestHelpers.swift in Sources */ = {isa = PBXBuildFile; fileRef = 7E1EC9B11BF6A64D005F6E58 /* TestHelpers.swift */; };
		7E1EC9B41BF6A7F1005F6E58 /* TableViewCellTests.swift in Sources */ = {isa = PBXBuildFile; fileRef = 7E1EC9B31BF6A7F1005F6E58 /* TableViewCellTests.swift */; };
		7E1EC9B61BF6A855005F6E58 /* TableViewCell.swift in Sources */ = {isa = PBXBuildFile; fileRef = 7E1EC9B51BF6A855005F6E58 /* TableViewCell.swift */; };
		7E1EC9B81BF6A8B9005F6E58 /* WaterConstants.swift in Sources */ = {isa = PBXBuildFile; fileRef = 7E1EC9B71BF6A8B9005F6E58 /* WaterConstants.swift */; };
		7E1EC9BC1BF6AA51005F6E58 /* WaterArray.swift in Sources */ = {isa = PBXBuildFile; fileRef = 7E1EC9BB1BF6AA51005F6E58 /* WaterArray.swift */; };
		7E1EC9BE1BF6CE30005F6E58 /* TableViewObjectTests.swift in Sources */ = {isa = PBXBuildFile; fileRef = 7E1EC9BD1BF6CE30005F6E58 /* TableViewObjectTests.swift */; };
		7E1EC9C01BF6D0E5005F6E58 /* ViewControllerTests.swift in Sources */ = {isa = PBXBuildFile; fileRef = 7E1EC9BF1BF6D0E5005F6E58 /* ViewControllerTests.swift */; };
		7E1EC9C31BF6DDF7005F6E58 /* UnderKeyboard.swift.swift in Sources */ = {isa = PBXBuildFile; fileRef = 7E1EC9C21BF6DDF7005F6E58 /* UnderKeyboard.swift.swift */; };
		7E36550A1BF5A2FF00C09098 /* DataLanguage.swift in Sources */ = {isa = PBXBuildFile; fileRef = 7E3655091BF5A2FF00C09098 /* DataLanguage.swift */; };
		7E3A11651BF580160031C3E1 /* data_en.tsv in Resources */ = {isa = PBXBuildFile; fileRef = 7E3A11641BF580160031C3E1 /* data_en.tsv */; };
		7E43D49D1BF5A96000688682 /* DataReader.swift in Sources */ = {isa = PBXBuildFile; fileRef = 7E43D49C1BF5A96000688682 /* DataReader.swift */; };
		7E43D4A21BF5AE5F00688682 /* DataParser.swift in Sources */ = {isa = PBXBuildFile; fileRef = 7E43D4A11BF5AE5F00688682 /* DataParser.swift */; };
		7E43D4A41BF5AE7F00688682 /* ProductModel.swift in Sources */ = {isa = PBXBuildFile; fileRef = 7E43D4A31BF5AE7F00688682 /* ProductModel.swift */; };
		7E43D4A81BF5B5D700688682 /* TickTock.swift in Sources */ = {isa = PBXBuildFile; fileRef = 7E43D4A71BF5B5D700688682 /* TickTock.swift */; };
		7E43D4A91BF5B5EC00688682 /* TickTock.swift in Sources */ = {isa = PBXBuildFile; fileRef = 7E43D4A71BF5B5D700688682 /* TickTock.swift */; };
		7E98DEAC1BFB0E2000E7ABA4 /* ViewControllerShowDataTests.swift in Sources */ = {isa = PBXBuildFile; fileRef = 7E98DEAB1BFB0E2000E7ABA4 /* ViewControllerShowDataTests.swift */; };
		7E98DEAE1BFB0F0200E7ABA4 /* ViewControllerSearchTests.swift in Sources */ = {isa = PBXBuildFile; fileRef = 7E98DEAD1BFB0F0200E7ABA4 /* ViewControllerSearchTests.swift */; };
/* End PBXBuildFile section */

/* Begin PBXContainerItemProxy section */
		7E3655011BF5A22B00C09098 /* PBXContainerItemProxy */ = {
			isa = PBXContainerItemProxy;
			containerPortal = 7E0B38FD1BF1473F00184C23 /* Project object */;
			proxyType = 1;
			remoteGlobalIDString = 7E0B39041BF1473F00184C23;
			remoteInfo = WaterFootprint;
		};
/* End PBXContainerItemProxy section */

/* Begin PBXFileReference section */
		7E012EAE1BF82FBC00F14209 /* TableViewHeaderCell.swift */ = {isa = PBXFileReference; fileEncoding = 4; lastKnownFileType = sourcecode.swift; path = TableViewHeaderCell.swift; sourceTree = "<group>"; };
		7E012EB01BF8331700F14209 /* WaterFont.swift */ = {isa = PBXFileReference; fileEncoding = 4; lastKnownFileType = sourcecode.swift; path = WaterFont.swift; sourceTree = "<group>"; };
		7E012EB21BF83A9800F14209 /* TableViewDelegate.swift */ = {isa = PBXFileReference; fileEncoding = 4; lastKnownFileType = sourcecode.swift; path = TableViewDelegate.swift; sourceTree = "<group>"; };
		7E012EB51BF83C9C00F14209 /* SearchBarObject.swift */ = {isa = PBXFileReference; fileEncoding = 4; lastKnownFileType = sourcecode.swift; path = SearchBarObject.swift; sourceTree = "<group>"; };
		7E012EB71BF83FD700F14209 /* data_zh.tsv */ = {isa = PBXFileReference; fileEncoding = 4; lastKnownFileType = text; name = data_zh.tsv; path = Data/data_zh.tsv; sourceTree = SOURCE_ROOT; };
		7E012EB91BF8448E00F14209 /* DataSearch.swift */ = {isa = PBXFileReference; fileEncoding = 4; lastKnownFileType = sourcecode.swift; path = DataSearch.swift; sourceTree = "<group>"; };
		7E012EBB1BF844BC00F14209 /* DataSearch.swift */ = {isa = PBXFileReference; fileEncoding = 4; lastKnownFileType = sourcecode.swift; path = DataSearch.swift; sourceTree = "<group>"; };
		7E012EBE1BF8458400F14209 /* WaterString.swift */ = {isa = PBXFileReference; fileEncoding = 4; lastKnownFileType = sourcecode.swift; path = WaterString.swift; sourceTree = "<group>"; };
		7E0B39051BF1473F00184C23 /* WaterFootprint.app */ = {isa = PBXFileReference; explicitFileType = wrapper.application; includeInIndex = 0; path = WaterFootprint.app; sourceTree = BUILT_PRODUCTS_DIR; };
		7E0B39081BF1473F00184C23 /* AppDelegate.swift */ = {isa = PBXFileReference; lastKnownFileType = sourcecode.swift; path = AppDelegate.swift; sourceTree = "<group>"; };
		7E0B390A1BF1473F00184C23 /* ViewController.swift */ = {isa = PBXFileReference; lastKnownFileType = sourcecode.swift; path = ViewController.swift; sourceTree = "<group>"; };
		7E0B390D1BF1473F00184C23 /* Base */ = {isa = PBXFileReference; lastKnownFileType = file.storyboard; name = Base; path = Base.lproj/Main.storyboard; sourceTree = "<group>"; };
		7E0B390F1BF1473F00184C23 /* Assets.xcassets */ = {isa = PBXFileReference; lastKnownFileType = folder.assetcatalog; path = Assets.xcassets; sourceTree = "<group>"; };
		7E0B39121BF1473F00184C23 /* Base */ = {isa = PBXFileReference; lastKnownFileType = file.storyboard; name = Base; path = Base.lproj/LaunchScreen.storyboard; sourceTree = "<group>"; };
		7E0B39141BF1473F00184C23 /* Info.plist */ = {isa = PBXFileReference; lastKnownFileType = text.plist.xml; path = Info.plist; sourceTree = "<group>"; };
		7E1EC9A01BF6A33E005F6E58 /* TableViewObject.swift */ = {isa = PBXFileReference; fileEncoding = 4; lastKnownFileType = sourcecode.swift; path = TableViewObject.swift; sourceTree = "<group>"; };
		7E1EC9A31BF6A365005F6E58 /* DataLanguageTests.swift */ = {isa = PBXFileReference; fileEncoding = 4; lastKnownFileType = sourcecode.swift; path = DataLanguageTests.swift; sourceTree = "<group>"; };
		7E1EC9A41BF6A365005F6E58 /* DataParserTests.swift */ = {isa = PBXFileReference; fileEncoding = 4; lastKnownFileType = sourcecode.swift; path = DataParserTests.swift; sourceTree = "<group>"; };
		7E1EC9A51BF6A365005F6E58 /* DataReaderTests.swift */ = {isa = PBXFileReference; fileEncoding = 4; lastKnownFileType = sourcecode.swift; path = DataReaderTests.swift; sourceTree = "<group>"; };
		7E1EC9AA1BF6A415005F6E58 /* TableViewDataSourceTests.swift */ = {isa = PBXFileReference; fileEncoding = 4; lastKnownFileType = sourcecode.swift; path = TableViewDataSourceTests.swift; sourceTree = "<group>"; };
		7E1EC9AC1BF6A44C005F6E58 /* TableViewDataSource.swift */ = {isa = PBXFileReference; fileEncoding = 4; lastKnownFileType = sourcecode.swift; path = TableViewDataSource.swift; sourceTree = "<group>"; };
		7E1EC9B11BF6A64D005F6E58 /* TestHelpers.swift */ = {isa = PBXFileReference; fileEncoding = 4; lastKnownFileType = sourcecode.swift; path = TestHelpers.swift; sourceTree = "<group>"; };
		7E1EC9B31BF6A7F1005F6E58 /* TableViewCellTests.swift */ = {isa = PBXFileReference; fileEncoding = 4; lastKnownFileType = sourcecode.swift; path = TableViewCellTests.swift; sourceTree = "<group>"; };
		7E1EC9B51BF6A855005F6E58 /* TableViewCell.swift */ = {isa = PBXFileReference; fileEncoding = 4; lastKnownFileType = sourcecode.swift; path = TableViewCell.swift; sourceTree = "<group>"; };
		7E1EC9B71BF6A8B9005F6E58 /* WaterConstants.swift */ = {isa = PBXFileReference; fileEncoding = 4; lastKnownFileType = sourcecode.swift; path = WaterConstants.swift; sourceTree = "<group>"; };
		7E1EC9BB1BF6AA51005F6E58 /* WaterArray.swift */ = {isa = PBXFileReference; fileEncoding = 4; lastKnownFileType = sourcecode.swift; path = WaterArray.swift; sourceTree = "<group>"; };
		7E1EC9BD1BF6CE30005F6E58 /* TableViewObjectTests.swift */ = {isa = PBXFileReference; fileEncoding = 4; lastKnownFileType = sourcecode.swift; path = TableViewObjectTests.swift; sourceTree = "<group>"; };
		7E1EC9BF1BF6D0E5005F6E58 /* ViewControllerTests.swift */ = {isa = PBXFileReference; fileEncoding = 4; lastKnownFileType = sourcecode.swift; path = ViewControllerTests.swift; sourceTree = "<group>"; };
		7E1EC9C21BF6DDF7005F6E58 /* UnderKeyboard.swift.swift */ = {isa = PBXFileReference; fileEncoding = 4; lastKnownFileType = sourcecode.swift; path = UnderKeyboard.swift.swift; sourceTree = "<group>"; };
		7E3654FC1BF5A22B00C09098 /* WaterFootprintTests.xctest */ = {isa = PBXFileReference; explicitFileType = wrapper.cfbundle; includeInIndex = 0; path = WaterFootprintTests.xctest; sourceTree = BUILT_PRODUCTS_DIR; };
		7E3655001BF5A22B00C09098 /* Info.plist */ = {isa = PBXFileReference; lastKnownFileType = text.plist.xml; path = Info.plist; sourceTree = "<group>"; };
		7E3655091BF5A2FF00C09098 /* DataLanguage.swift */ = {isa = PBXFileReference; fileEncoding = 4; lastKnownFileType = sourcecode.swift; path = DataLanguage.swift; sourceTree = "<group>"; };
		7E3A11641BF580160031C3E1 /* data_en.tsv */ = {isa = PBXFileReference; fileEncoding = 4; lastKnownFileType = text; name = data_en.tsv; path = Data/data_en.tsv; sourceTree = SOURCE_ROOT; };
		7E43D49C1BF5A96000688682 /* DataReader.swift */ = {isa = PBXFileReference; fileEncoding = 4; lastKnownFileType = sourcecode.swift; path = DataReader.swift; sourceTree = "<group>"; };
		7E43D4A11BF5AE5F00688682 /* DataParser.swift */ = {isa = PBXFileReference; fileEncoding = 4; lastKnownFileType = sourcecode.swift; path = DataParser.swift; sourceTree = "<group>"; };
		7E43D4A31BF5AE7F00688682 /* ProductModel.swift */ = {isa = PBXFileReference; fileEncoding = 4; lastKnownFileType = sourcecode.swift; path = ProductModel.swift; sourceTree = "<group>"; };
		7E43D4A71BF5B5D700688682 /* TickTock.swift */ = {isa = PBXFileReference; fileEncoding = 4; lastKnownFileType = sourcecode.swift; path = TickTock.swift; sourceTree = "<group>"; };
		7E98DEAB1BFB0E2000E7ABA4 /* ViewControllerShowDataTests.swift */ = {isa = PBXFileReference; fileEncoding = 4; lastKnownFileType = sourcecode.swift; path = ViewControllerShowDataTests.swift; sourceTree = "<group>"; };
		7E98DEAD1BFB0F0200E7ABA4 /* ViewControllerSearchTests.swift */ = {isa = PBXFileReference; fileEncoding = 4; lastKnownFileType = sourcecode.swift; path = ViewControllerSearchTests.swift; sourceTree = "<group>"; };
/* End PBXFileReference section */

/* Begin PBXFrameworksBuildPhase section */
		7E0B39021BF1473F00184C23 /* Frameworks */ = {
			isa = PBXFrameworksBuildPhase;
			buildActionMask = 2147483647;
			files = (
			);
			runOnlyForDeploymentPostprocessing = 0;
		};
		7E3654F91BF5A22B00C09098 /* Frameworks */ = {
			isa = PBXFrameworksBuildPhase;
			buildActionMask = 2147483647;
			files = (
			);
			runOnlyForDeploymentPostprocessing = 0;
		};
/* End PBXFrameworksBuildPhase section */

/* Begin PBXGroup section */
		7E012EB41BF83C8800F14209 /* SearchBar */ = {
			isa = PBXGroup;
			children = (
				7E012EB51BF83C9C00F14209 /* SearchBarObject.swift */,
			);
			path = SearchBar;
			sourceTree = "<group>";
		};
		7E0B38FC1BF1473F00184C23 = {
			isa = PBXGroup;
			children = (
				7E0B39071BF1473F00184C23 /* WaterFootprint */,
				7E3654FD1BF5A22B00C09098 /* WaterFootprintTests */,
				7E0B39061BF1473F00184C23 /* Products */,
			);
			sourceTree = "<group>";
		};
		7E0B39061BF1473F00184C23 /* Products */ = {
			isa = PBXGroup;
			children = (
				7E0B39051BF1473F00184C23 /* WaterFootprint.app */,
				7E3654FC1BF5A22B00C09098 /* WaterFootprintTests.xctest */,
			);
			name = Products;
			sourceTree = "<group>";
		};
		7E0B39071BF1473F00184C23 /* WaterFootprint */ = {
			isa = PBXGroup;
			children = (
				7E1EC9C11BF6DDED005F6E58 /* Components */,
				7E3655081BF5A2F600C09098 /* Core */,
				7E3A11631BF580000031C3E1 /* Data */,
				7E012EB41BF83C8800F14209 /* SearchBar */,
				7E1EC99F1BF6A321005F6E58 /* TableView */,
				7E43D4A61BF5B5CE00688682 /* Utils */,
				7E0B39081BF1473F00184C23 /* AppDelegate.swift */,
				7E0B390A1BF1473F00184C23 /* ViewController.swift */,
				7E0B390C1BF1473F00184C23 /* Main.storyboard */,
				7E0B390F1BF1473F00184C23 /* Assets.xcassets */,
				7E0B39111BF1473F00184C23 /* LaunchScreen.storyboard */,
				7E0B39141BF1473F00184C23 /* Info.plist */,
			);
			path = WaterFootprint;
			sourceTree = "<group>";
		};
		7E1EC99F1BF6A321005F6E58 /* TableView */ = {
			isa = PBXGroup;
			children = (
				7E1EC9B51BF6A855005F6E58 /* TableViewCell.swift */,
				7E1EC9AC1BF6A44C005F6E58 /* TableViewDataSource.swift */,
				7E012EB21BF83A9800F14209 /* TableViewDelegate.swift */,
				7E012EAE1BF82FBC00F14209 /* TableViewHeaderCell.swift */,
				7E1EC9A01BF6A33E005F6E58 /* TableViewObject.swift */,
			);
			path = TableView;
			sourceTree = "<group>";
		};
		7E1EC9A21BF6A34F005F6E58 /* Core */ = {
			isa = PBXGroup;
			children = (
				7E1EC9A31BF6A365005F6E58 /* DataLanguageTests.swift */,
				7E1EC9A41BF6A365005F6E58 /* DataParserTests.swift */,
				7E1EC9A51BF6A365005F6E58 /* DataReaderTests.swift */,
				7E012EB91BF8448E00F14209 /* DataSearch.swift */,
			);
			path = Core;
			sourceTree = "<group>";
		};
		7E1EC9A91BF6A409005F6E58 /* TableView */ = {
			isa = PBXGroup;
			children = (
				7E1EC9B31BF6A7F1005F6E58 /* TableViewCellTests.swift */,
				7E1EC9AA1BF6A415005F6E58 /* TableViewDataSourceTests.swift */,
				7E1EC9BD1BF6CE30005F6E58 /* TableViewObjectTests.swift */,
			);
			path = TableView;
			sourceTree = "<group>";
		};
		7E1EC9AF1BF6A628005F6E58 /* TestHelpers */ = {
			isa = PBXGroup;
			children = (
				7E1EC9B11BF6A64D005F6E58 /* TestHelpers.swift */,
			);
			path = TestHelpers;
			sourceTree = "<group>";
		};
		7E1EC9C11BF6DDED005F6E58 /* Components */ = {
			isa = PBXGroup;
			children = (
				7E1EC9C21BF6DDF7005F6E58 /* UnderKeyboard.swift.swift */,
			);
			path = Components;
			sourceTree = "<group>";
		};
		7E3654FD1BF5A22B00C09098 /* WaterFootprintTests */ = {
			isa = PBXGroup;
			children = (
				7E1EC9A21BF6A34F005F6E58 /* Core */,
				7E1EC9A91BF6A409005F6E58 /* TableView */,
				7E1EC9AF1BF6A628005F6E58 /* TestHelpers */,
				7E1EC9BF1BF6D0E5005F6E58 /* ViewControllerTests.swift */,
				7E98DEAB1BFB0E2000E7ABA4 /* ViewControllerShowDataTests.swift */,
				7E98DEAD1BFB0F0200E7ABA4 /* ViewControllerSearchTests.swift */,
				7E3655001BF5A22B00C09098 /* Info.plist */,
			);
			path = WaterFootprintTests;
			sourceTree = "<group>";
		};
		7E3655081BF5A2F600C09098 /* Core */ = {
			isa = PBXGroup;
			children = (
				7E3655091BF5A2FF00C09098 /* DataLanguage.swift */,
				7E43D4A11BF5AE5F00688682 /* DataParser.swift */,
				7E43D49C1BF5A96000688682 /* DataReader.swift */,
				7E012EBB1BF844BC00F14209 /* DataSearch.swift */,
				7E43D4A31BF5AE7F00688682 /* ProductModel.swift */,
				7E1EC9B71BF6A8B9005F6E58 /* WaterConstants.swift */,
			);
			path = Core;
			sourceTree = "<group>";
		};
		7E3A11631BF580000031C3E1 /* Data */ = {
			isa = PBXGroup;
			children = (
				7E3A11641BF580160031C3E1 /* data_en.tsv */,
				7E012EB71BF83FD700F14209 /* data_zh.tsv */,
			);
			path = Data;
			sourceTree = "<group>";
		};
		7E43D4A61BF5B5CE00688682 /* Utils */ = {
			isa = PBXGroup;
			children = (
				7E43D4A71BF5B5D700688682 /* TickTock.swift */,
				7E1EC9BB1BF6AA51005F6E58 /* WaterArray.swift */,
				7E012EB01BF8331700F14209 /* WaterFont.swift */,
				7E012EBE1BF8458400F14209 /* WaterString.swift */,
			);
			path = Utils;
			sourceTree = "<group>";
		};
/* End PBXGroup section */

/* Begin PBXNativeTarget section */
		7E0B39041BF1473F00184C23 /* WaterFootprint */ = {
			isa = PBXNativeTarget;
			buildConfigurationList = 7E0B39171BF1473F00184C23 /* Build configuration list for PBXNativeTarget "WaterFootprint" */;
			buildPhases = (
				7E0B39011BF1473F00184C23 /* Sources */,
				7E0B39021BF1473F00184C23 /* Frameworks */,
				7E0B39031BF1473F00184C23 /* Resources */,
			);
			buildRules = (
			);
			dependencies = (
			);
			name = WaterFootprint;
			productName = WaterFootprint;
			productReference = 7E0B39051BF1473F00184C23 /* WaterFootprint.app */;
			productType = "com.apple.product-type.application";
		};
		7E3654FB1BF5A22B00C09098 /* WaterFootprintTests */ = {
			isa = PBXNativeTarget;
			buildConfigurationList = 7E3655051BF5A22B00C09098 /* Build configuration list for PBXNativeTarget "WaterFootprintTests" */;
			buildPhases = (
				7E3654F81BF5A22B00C09098 /* Sources */,
				7E3654F91BF5A22B00C09098 /* Frameworks */,
				7E3654FA1BF5A22B00C09098 /* Resources */,
			);
			buildRules = (
			);
			dependencies = (
				7E3655021BF5A22B00C09098 /* PBXTargetDependency */,
			);
			name = WaterFootprintTests;
			productName = WaterFootprintTests;
			productReference = 7E3654FC1BF5A22B00C09098 /* WaterFootprintTests.xctest */;
			productType = "com.apple.product-type.bundle.unit-test";
		};
/* End PBXNativeTarget section */

/* Begin PBXProject section */
		7E0B38FD1BF1473F00184C23 /* Project object */ = {
			isa = PBXProject;
			attributes = {
				LastSwiftUpdateCheck = 0710;
				LastUpgradeCheck = 0710;
				ORGANIZATIONNAME = "Evgenii Neumerzhitckii";
				TargetAttributes = {
					7E0B39041BF1473F00184C23 = {
						CreatedOnToolsVersion = 7.1;
						DevelopmentTeam = BS677JRE62;
					};
					7E3654FB1BF5A22B00C09098 = {
						CreatedOnToolsVersion = 7.1.1;
						TestTargetID = 7E0B39041BF1473F00184C23;
					};
				};
			};
			buildConfigurationList = 7E0B39001BF1473F00184C23 /* Build configuration list for PBXProject "WaterFootprint" */;
			compatibilityVersion = "Xcode 3.2";
			developmentRegion = English;
			hasScannedForEncodings = 0;
			knownRegions = (
				en,
				Base,
			);
			mainGroup = 7E0B38FC1BF1473F00184C23;
			productRefGroup = 7E0B39061BF1473F00184C23 /* Products */;
			projectDirPath = "";
			projectRoot = "";
			targets = (
				7E0B39041BF1473F00184C23 /* WaterFootprint */,
				7E3654FB1BF5A22B00C09098 /* WaterFootprintTests */,
			);
		};
/* End PBXProject section */

/* Begin PBXResourcesBuildPhase section */
		7E0B39031BF1473F00184C23 /* Resources */ = {
			isa = PBXResourcesBuildPhase;
			buildActionMask = 2147483647;
			files = (
				7E0B39131BF1473F00184C23 /* LaunchScreen.storyboard in Resources */,
				7E0B39101BF1473F00184C23 /* Assets.xcassets in Resources */,
				7E3A11651BF580160031C3E1 /* data_en.tsv in Resources */,
				7E012EB81BF83FD700F14209 /* data_zh.tsv in Resources */,
				7E0B390E1BF1473F00184C23 /* Main.storyboard in Resources */,
			);
			runOnlyForDeploymentPostprocessing = 0;
		};
		7E3654FA1BF5A22B00C09098 /* Resources */ = {
			isa = PBXResourcesBuildPhase;
			buildActionMask = 2147483647;
			files = (
			);
			runOnlyForDeploymentPostprocessing = 0;
		};
/* End PBXResourcesBuildPhase section */

/* Begin PBXSourcesBuildPhase section */
		7E0B39011BF1473F00184C23 /* Sources */ = {
			isa = PBXSourcesBuildPhase;
			buildActionMask = 2147483647;
			files = (
				7E012EB31BF83A9800F14209 /* TableViewDelegate.swift in Sources */,
				7E1EC9AD1BF6A44C005F6E58 /* TableViewDataSource.swift in Sources */,
				7E012EB61BF83C9C00F14209 /* SearchBarObject.swift in Sources */,
				7E1EC9C31BF6DDF7005F6E58 /* UnderKeyboard.swift.swift in Sources */,
				7E1EC9BC1BF6AA51005F6E58 /* WaterArray.swift in Sources */,
				7E43D49D1BF5A96000688682 /* DataReader.swift in Sources */,
				7E43D4A41BF5AE7F00688682 /* ProductModel.swift in Sources */,
				7E012EBC1BF844BC00F14209 /* DataSearch.swift in Sources */,
				7E1EC9A11BF6A33E005F6E58 /* TableViewObject.swift in Sources */,
				7E1EC9B81BF6A8B9005F6E58 /* WaterConstants.swift in Sources */,
				7E43D4A21BF5AE5F00688682 /* DataParser.swift in Sources */,
				7E1EC9B61BF6A855005F6E58 /* TableViewCell.swift in Sources */,
				7E0B390B1BF1473F00184C23 /* ViewController.swift in Sources */,
				7E012EAF1BF82FBC00F14209 /* TableViewHeaderCell.swift in Sources */,
				7E36550A1BF5A2FF00C09098 /* DataLanguage.swift in Sources */,
				7E012EB11BF8331700F14209 /* WaterFont.swift in Sources */,
				7E0B39091BF1473F00184C23 /* AppDelegate.swift in Sources */,
				7E43D4A81BF5B5D700688682 /* TickTock.swift in Sources */,
				7E012EBF1BF8458400F14209 /* WaterString.swift in Sources */,
			);
			runOnlyForDeploymentPostprocessing = 0;
		};
		7E3654F81BF5A22B00C09098 /* Sources */ = {
			isa = PBXSourcesBuildPhase;
			buildActionMask = 2147483647;
			files = (
				7E1EC9AB1BF6A415005F6E58 /* TableViewDataSourceTests.swift in Sources */,
				7E012EBA1BF8448E00F14209 /* DataSearch.swift in Sources */,
				7E98DEAC1BFB0E2000E7ABA4 /* ViewControllerShowDataTests.swift in Sources */,
				7E1EC9A81BF6A365005F6E58 /* DataReaderTests.swift in Sources */,
				7E1EC9BE1BF6CE30005F6E58 /* TableViewObjectTests.swift in Sources */,
				7E1EC9C01BF6D0E5005F6E58 /* ViewControllerTests.swift in Sources */,
				7E98DEAE1BFB0F0200E7ABA4 /* ViewControllerSearchTests.swift in Sources */,
				7E1EC9B41BF6A7F1005F6E58 /* TableViewCellTests.swift in Sources */,
				7E1EC9A71BF6A365005F6E58 /* DataParserTests.swift in Sources */,
				7E43D4A91BF5B5EC00688682 /* TickTock.swift in Sources */,
				7E1EC9A61BF6A365005F6E58 /* DataLanguageTests.swift in Sources */,
				7E1EC9B21BF6A64D005F6E58 /* TestHelpers.swift in Sources */,
			);
			runOnlyForDeploymentPostprocessing = 0;
		};
/* End PBXSourcesBuildPhase section */

/* Begin PBXTargetDependency section */
		7E3655021BF5A22B00C09098 /* PBXTargetDependency */ = {
			isa = PBXTargetDependency;
			target = 7E0B39041BF1473F00184C23 /* WaterFootprint */;
			targetProxy = 7E3655011BF5A22B00C09098 /* PBXContainerItemProxy */;
		};
/* End PBXTargetDependency section */

/* Begin PBXVariantGroup section */
		7E0B390C1BF1473F00184C23 /* Main.storyboard */ = {
			isa = PBXVariantGroup;
			children = (
				7E0B390D1BF1473F00184C23 /* Base */,
			);
			name = Main.storyboard;
			sourceTree = "<group>";
		};
		7E0B39111BF1473F00184C23 /* LaunchScreen.storyboard */ = {
			isa = PBXVariantGroup;
			children = (
				7E0B39121BF1473F00184C23 /* Base */,
			);
			name = LaunchScreen.storyboard;
			sourceTree = "<group>";
		};
/* End PBXVariantGroup section */

/* Begin XCBuildConfiguration section */
		7E0B39151BF1473F00184C23 /* Debug */ = {
			isa = XCBuildConfiguration;
			buildSettings = {
				ALWAYS_SEARCH_USER_PATHS = NO;
				CLANG_CXX_LANGUAGE_STANDARD = "gnu++0x";
				CLANG_CXX_LIBRARY = "libc++";
				CLANG_ENABLE_MODULES = YES;
				CLANG_ENABLE_OBJC_ARC = YES;
				CLANG_WARN_BOOL_CONVERSION = YES;
				CLANG_WARN_CONSTANT_CONVERSION = YES;
				CLANG_WARN_DIRECT_OBJC_ISA_USAGE = YES_ERROR;
				CLANG_WARN_EMPTY_BODY = YES;
				CLANG_WARN_ENUM_CONVERSION = YES;
				CLANG_WARN_INT_CONVERSION = YES;
				CLANG_WARN_OBJC_ROOT_CLASS = YES_ERROR;
				CLANG_WARN_UNREACHABLE_CODE = YES;
				CLANG_WARN__DUPLICATE_METHOD_MATCH = YES;
				"CODE_SIGN_IDENTITY[sdk=iphoneos*]" = "iPhone Developer";
				COPY_PHASE_STRIP = NO;
				DEBUG_INFORMATION_FORMAT = dwarf;
				ENABLE_STRICT_OBJC_MSGSEND = YES;
				ENABLE_TESTABILITY = YES;
				GCC_C_LANGUAGE_STANDARD = gnu99;
				GCC_DYNAMIC_NO_PIC = NO;
				GCC_NO_COMMON_BLOCKS = YES;
				GCC_OPTIMIZATION_LEVEL = 0;
				GCC_PREPROCESSOR_DEFINITIONS = (
					"DEBUG=1",
					"$(inherited)",
				);
				GCC_WARN_64_TO_32_BIT_CONVERSION = YES;
				GCC_WARN_ABOUT_RETURN_TYPE = YES_ERROR;
				GCC_WARN_UNDECLARED_SELECTOR = YES;
				GCC_WARN_UNINITIALIZED_AUTOS = YES_AGGRESSIVE;
				GCC_WARN_UNUSED_FUNCTION = YES;
				GCC_WARN_UNUSED_VARIABLE = YES;
				IPHONEOS_DEPLOYMENT_TARGET = 8.0;
				MTL_ENABLE_DEBUG_INFO = YES;
				ONLY_ACTIVE_ARCH = YES;
				SDKROOT = iphoneos;
				SWIFT_OPTIMIZATION_LEVEL = "-Onone";
				TARGETED_DEVICE_FAMILY = "1,2";
			};
			name = Debug;
		};
		7E0B39161BF1473F00184C23 /* Release */ = {
			isa = XCBuildConfiguration;
			buildSettings = {
				ALWAYS_SEARCH_USER_PATHS = NO;
				CLANG_CXX_LANGUAGE_STANDARD = "gnu++0x";
				CLANG_CXX_LIBRARY = "libc++";
				CLANG_ENABLE_MODULES = YES;
				CLANG_ENABLE_OBJC_ARC = YES;
				CLANG_WARN_BOOL_CONVERSION = YES;
				CLANG_WARN_CONSTANT_CONVERSION = YES;
				CLANG_WARN_DIRECT_OBJC_ISA_USAGE = YES_ERROR;
				CLANG_WARN_EMPTY_BODY = YES;
				CLANG_WARN_ENUM_CONVERSION = YES;
				CLANG_WARN_INT_CONVERSION = YES;
				CLANG_WARN_OBJC_ROOT_CLASS = YES_ERROR;
				CLANG_WARN_UNREACHABLE_CODE = YES;
				CLANG_WARN__DUPLICATE_METHOD_MATCH = YES;
				"CODE_SIGN_IDENTITY[sdk=iphoneos*]" = "iPhone Developer";
				COPY_PHASE_STRIP = NO;
				DEBUG_INFORMATION_FORMAT = "dwarf-with-dsym";
				ENABLE_NS_ASSERTIONS = NO;
				ENABLE_STRICT_OBJC_MSGSEND = YES;
				GCC_C_LANGUAGE_STANDARD = gnu99;
				GCC_NO_COMMON_BLOCKS = YES;
				GCC_WARN_64_TO_32_BIT_CONVERSION = YES;
				GCC_WARN_ABOUT_RETURN_TYPE = YES_ERROR;
				GCC_WARN_UNDECLARED_SELECTOR = YES;
				GCC_WARN_UNINITIALIZED_AUTOS = YES_AGGRESSIVE;
				GCC_WARN_UNUSED_FUNCTION = YES;
				GCC_WARN_UNUSED_VARIABLE = YES;
				IPHONEOS_DEPLOYMENT_TARGET = 8.0;
				MTL_ENABLE_DEBUG_INFO = NO;
				SDKROOT = iphoneos;
				TARGETED_DEVICE_FAMILY = "1,2";
				VALIDATE_PRODUCT = YES;
			};
			name = Release;
		};
		7E0B39181BF1473F00184C23 /* Debug */ = {
			isa = XCBuildConfiguration;
			buildSettings = {
				ASSETCATALOG_COMPILER_APPICON_NAME = AppIcon;
				CODE_SIGN_IDENTITY = "iPhone Developer";
				INFOPLIST_FILE = WaterFootprint/Info.plist;
				LD_RUNPATH_SEARCH_PATHS = "$(inherited) @executable_path/Frameworks";
				PRODUCT_BUNDLE_IDENTIFIER = com.evgenii.WaterFootprint;
				PRODUCT_NAME = "$(TARGET_NAME)";
			};
			name = Debug;
		};
		7E0B39191BF1473F00184C23 /* Release */ = {
			isa = XCBuildConfiguration;
			buildSettings = {
				ASSETCATALOG_COMPILER_APPICON_NAME = AppIcon;
				CODE_SIGN_IDENTITY = "iPhone Developer";
				INFOPLIST_FILE = WaterFootprint/Info.plist;
				LD_RUNPATH_SEARCH_PATHS = "$(inherited) @executable_path/Frameworks";
				PRODUCT_BUNDLE_IDENTIFIER = com.evgenii.WaterFootprint;
				PRODUCT_NAME = "$(TARGET_NAME)";
			};
			name = Release;
		};
		7E3655031BF5A22B00C09098 /* Debug */ = {
			isa = XCBuildConfiguration;
			buildSettings = {
				BUNDLE_LOADER = "$(TEST_HOST)";
				INFOPLIST_FILE = WaterFootprintTests/Info.plist;
				IPHONEOS_DEPLOYMENT_TARGET = 9.1;
				LD_RUNPATH_SEARCH_PATHS = "$(inherited) @executable_path/Frameworks @loader_path/Frameworks";
				PRODUCT_BUNDLE_IDENTIFIER = com.evgenii.WaterFootprintTests;
				PRODUCT_NAME = "$(TARGET_NAME)";
				TEST_HOST = "$(BUILT_PRODUCTS_DIR)/WaterFootprint.app/WaterFootprint";
			};
			name = Debug;
		};
		7E3655041BF5A22B00C09098 /* Release */ = {
			isa = XCBuildConfiguration;
			buildSettings = {
				BUNDLE_LOADER = "$(TEST_HOST)";
				INFOPLIST_FILE = WaterFootprintTests/Info.plist;
				IPHONEOS_DEPLOYMENT_TARGET = 9.1;
				LD_RUNPATH_SEARCH_PATHS = "$(inherited) @executable_path/Frameworks @loader_path/Frameworks";
				PRODUCT_BUNDLE_IDENTIFIER = com.evgenii.WaterFootprintTests;
				PRODUCT_NAME = "$(TARGET_NAME)";
				TEST_HOST = "$(BUILT_PRODUCTS_DIR)/WaterFootprint.app/WaterFootprint";
			};
			name = Release;
		};
/* End XCBuildConfiguration section */

/* Begin XCConfigurationList section */
		7E0B39001BF1473F00184C23 /* Build configuration list for PBXProject "WaterFootprint" */ = {
			isa = XCConfigurationList;
			buildConfigurations = (
				7E0B39151BF1473F00184C23 /* Debug */,
				7E0B39161BF1473F00184C23 /* Release */,
			);
			defaultConfigurationIsVisible = 0;
			defaultConfigurationName = Release;
		};
		7E0B39171BF1473F00184C23 /* Build configuration list for PBXNativeTarget "WaterFootprint" */ = {
			isa = XCConfigurationList;
			buildConfigurations = (
				7E0B39181BF1473F00184C23 /* Debug */,
				7E0B39191BF1473F00184C23 /* Release */,
			);
			defaultConfigurationIsVisible = 0;
			defaultConfigurationName = Release;
		};
		7E3655051BF5A22B00C09098 /* Build configuration list for PBXNativeTarget "WaterFootprintTests" */ = {
			isa = XCConfigurationList;
			buildConfigurations = (
				7E3655031BF5A22B00C09098 /* Debug */,
				7E3655041BF5A22B00C09098 /* Release */,
			);
			defaultConfigurationIsVisible = 0;
			defaultConfigurationName = Release;
		};
/* End XCConfigurationList section */
	};
	rootObject = 7E0B38FD1BF1473F00184C23 /* Project object */;
}
